
Microsoft Visual Studio Solution File, Format Version 12.00
# Visual Studio Version 17
VisualStudioVersion = 17.3.32922.545
MinimumVisualStudioVersion = 10.0.40219.1
Project("{8BC9CEB8-8B4A-11D0-8D11-00A0C91BC942}") = "cJSONWin", "cJSON\cJSONWin.vcxproj", "{98991D11-62C2-4CC5-A866-B2ED790EC1CA}"
EndProject
Project("{8BC9CEB8-8B4A-11D0-8D11-00A0C91BC942}") = "cJSONLnx", "cJSON\cJSONLnx.vcxproj", "{6A470868-C9D0-46E0-BD01-43048977BC7F}"
EndProject
Project("{8BC9CEB8-8B4A-11D0-8D11-00A0C91BC942}") = "CoreWin", "GreaperCore\CoreWin.vcxproj", "{F36B383C-EC70-4B68-998D-3B852AF836C7}"
	ProjectSection(ProjectDependencies) = postProject
		{98991D11-62C2-4CC5-A866-B2ED790EC1CA} = {98991D11-62C2-4CC5-A866-B2ED790EC1CA}
	EndProjectSection
EndProject
Project("{8BC9CEB8-8B4A-11D0-8D11-00A0C91BC942}") = "CoreLnx", "GreaperCore\CoreLnx.vcxproj", "{A19D8BAC-EE48-47E4-85F7-5DCE17D1F690}"
	ProjectSection(ProjectDependencies) = postProject
		{6A470868-C9D0-46E0-BD01-43048977BC7F} = {6A470868-C9D0-46E0-BD01-43048977BC7F}
	EndProjectSection
EndProject
Project("{8BC9CEB8-8B4A-11D0-8D11-00A0C91BC942}") = "GALWin", "GreaperGAL\GALWin.vcxproj", "{2AE173D8-1D13-457E-BCC0-E8A254707B97}"
	ProjectSection(ProjectDependencies) = postProject
		{98991D11-62C2-4CC5-A866-B2ED790EC1CA} = {98991D11-62C2-4CC5-A866-B2ED790EC1CA}
		{F36B383C-EC70-4B68-998D-3B852AF836C7} = {F36B383C-EC70-4B68-998D-3B852AF836C7}
	EndProjectSection
EndProject
Project("{8BC9CEB8-8B4A-11D0-8D11-00A0C91BC942}") = "TestApplicationWin", "TestApplication\TestApplicationWin.vcxproj", "{E86E719C-45D7-4CE8-9498-D8B945E46735}"
	ProjectSection(ProjectDependencies) = postProject
		{2AE173D8-1D13-457E-BCC0-E8A254707B97} = {2AE173D8-1D13-457E-BCC0-E8A254707B97}
		{98991D11-62C2-4CC5-A866-B2ED790EC1CA} = {98991D11-62C2-4CC5-A866-B2ED790EC1CA}
		{F36B383C-EC70-4B68-998D-3B852AF836C7} = {F36B383C-EC70-4B68-998D-3B852AF836C7}
	EndProjectSection
EndProject
Project("{8BC9CEB8-8B4A-11D0-8D11-00A0C91BC942}") = "TestApplicationLnx", "TestApplication\TestApplicationLnx.vcxproj", "{97714F0F-7634-468A-B2F2-EE328D13F141}"
	ProjectSection(ProjectDependencies) = postProject
		{6A470868-C9D0-46E0-BD01-43048977BC7F} = {6A470868-C9D0-46E0-BD01-43048977BC7F}
		{A19D8BAC-EE48-47E4-85F7-5DCE17D1F690} = {A19D8BAC-EE48-47E4-85F7-5DCE17D1F690}
	EndProjectSection
EndProject
Global
	GlobalSection(SolutionConfigurationPlatforms) = preSolution
		Debug|x64 = Debug|x64
		Debug|x86 = Debug|x86
		Release|x64 = Release|x64
		Release|x86 = Release|x86
	EndGlobalSection
	GlobalSection(ProjectConfigurationPlatforms) = postSolution
		{98991D11-62C2-4CC5-A866-B2ED790EC1CA}.Debug|x64.ActiveCfg = Debug|x64
		{98991D11-62C2-4CC5-A866-B2ED790EC1CA}.Debug|x64.Build.0 = Debug|x64
		{98991D11-62C2-4CC5-A866-B2ED790EC1CA}.Debug|x86.ActiveCfg = Debug|Win32
		{98991D11-62C2-4CC5-A866-B2ED790EC1CA}.Debug|x86.Build.0 = Debug|Win32
		{98991D11-62C2-4CC5-A866-B2ED790EC1CA}.Release|x64.ActiveCfg = Release|x64
		{98991D11-62C2-4CC5-A866-B2ED790EC1CA}.Release|x64.Build.0 = Release|x64
		{98991D11-62C2-4CC5-A866-B2ED790EC1CA}.Release|x86.ActiveCfg = Release|Win32
		{98991D11-62C2-4CC5-A866-B2ED790EC1CA}.Release|x86.Build.0 = Release|Win32
		{6A470868-C9D0-46E0-BD01-43048977BC7F}.Debug|x64.ActiveCfg = Debug|x64
		{6A470868-C9D0-46E0-BD01-43048977BC7F}.Debug|x64.Build.0 = Debug|x64
		{6A470868-C9D0-46E0-BD01-43048977BC7F}.Debug|x64.Deploy.0 = Debug|x64
		{6A470868-C9D0-46E0-BD01-43048977BC7F}.Debug|x86.ActiveCfg = Debug|x86
		{6A470868-C9D0-46E0-BD01-43048977BC7F}.Debug|x86.Build.0 = Debug|x86
		{6A470868-C9D0-46E0-BD01-43048977BC7F}.Debug|x86.Deploy.0 = Debug|x86
		{6A470868-C9D0-46E0-BD01-43048977BC7F}.Release|x64.ActiveCfg = Release|x64
		{6A470868-C9D0-46E0-BD01-43048977BC7F}.Release|x64.Build.0 = Release|x64
		{6A470868-C9D0-46E0-BD01-43048977BC7F}.Release|x64.Deploy.0 = Release|x64
		{6A470868-C9D0-46E0-BD01-43048977BC7F}.Release|x86.ActiveCfg = Release|x86
		{6A470868-C9D0-46E0-BD01-43048977BC7F}.Release|x86.Build.0 = Release|x86
		{6A470868-C9D0-46E0-BD01-43048977BC7F}.Release|x86.Deploy.0 = Release|x86
		{F36B383C-EC70-4B68-998D-3B852AF836C7}.Debug|x64.ActiveCfg = Debug|x64
		{F36B383C-EC70-4B68-998D-3B852AF836C7}.Debug|x64.Build.0 = Debug|x64
		{F36B383C-EC70-4B68-998D-3B852AF836C7}.Debug|x86.ActiveCfg = Debug|Win32
		{F36B383C-EC70-4B68-998D-3B852AF836C7}.Debug|x86.Build.0 = Debug|Win32
		{F36B383C-EC70-4B68-998D-3B852AF836C7}.Release|x64.ActiveCfg = Release|x64
		{F36B383C-EC70-4B68-998D-3B852AF836C7}.Release|x64.Build.0 = Release|x64
		{F36B383C-EC70-4B68-998D-3B852AF836C7}.Release|x86.ActiveCfg = Release|Win32
		{F36B383C-EC70-4B68-998D-3B852AF836C7}.Release|x86.Build.0 = Release|Win32
		{A19D8BAC-EE48-47E4-85F7-5DCE17D1F690}.Debug|x64.ActiveCfg = Debug|x64
		{A19D8BAC-EE48-47E4-85F7-5DCE17D1F690}.Debug|x64.Build.0 = Debug|x64
		{A19D8BAC-EE48-47E4-85F7-5DCE17D1F690}.Debug|x64.Deploy.0 = Debug|x64
		{A19D8BAC-EE48-47E4-85F7-5DCE17D1F690}.Debug|x86.ActiveCfg = Debug|x86
		{A19D8BAC-EE48-47E4-85F7-5DCE17D1F690}.Debug|x86.Build.0 = Debug|x86
		{A19D8BAC-EE48-47E4-85F7-5DCE17D1F690}.Debug|x86.Deploy.0 = Debug|x86
		{A19D8BAC-EE48-47E4-85F7-5DCE17D1F690}.Release|x64.ActiveCfg = Release|x64
		{A19D8BAC-EE48-47E4-85F7-5DCE17D1F690}.Release|x64.Build.0 = Release|x64
		{A19D8BAC-EE48-47E4-85F7-5DCE17D1F690}.Release|x64.Deploy.0 = Release|x64
		{A19D8BAC-EE48-47E4-85F7-5DCE17D1F690}.Release|x86.ActiveCfg = Release|x86
		{A19D8BAC-EE48-47E4-85F7-5DCE17D1F690}.Release|x86.Build.0 = Release|x86
		{A19D8BAC-EE48-47E4-85F7-5DCE17D1F690}.Release|x86.Deploy.0 = Release|x86
		{2AE173D8-1D13-457E-BCC0-E8A254707B97}.Debug|x64.ActiveCfg = Debug|x64
		{2AE173D8-1D13-457E-BCC0-E8A254707B97}.Debug|x64.Build.0 = Debug|x64
		{2AE173D8-1D13-457E-BCC0-E8A254707B97}.Debug|x86.ActiveCfg = Debug|Win32
		{2AE173D8-1D13-457E-BCC0-E8A254707B97}.Debug|x86.Build.0 = Debug|Win32
		{2AE173D8-1D13-457E-BCC0-E8A254707B97}.Release|x64.ActiveCfg = Release|x64
		{2AE173D8-1D13-457E-BCC0-E8A254707B97}.Release|x64.Build.0 = Release|x64
		{2AE173D8-1D13-457E-BCC0-E8A254707B97}.Release|x86.ActiveCfg = Release|Win32
		{2AE173D8-1D13-457E-BCC0-E8A254707B97}.Release|x86.Build.0 = Release|Win32
		{E86E719C-45D7-4CE8-9498-D8B945E46735}.Debug|x64.ActiveCfg = Debug|x64
		{E86E719C-45D7-4CE8-9498-D8B945E46735}.Debug|x64.Build.0 = Debug|x64
		{E86E719C-45D7-4CE8-9498-D8B945E46735}.Debug|x86.ActiveCfg = Debug|Win32
		{E86E719C-45D7-4CE8-9498-D8B945E46735}.Debug|x86.Build.0 = Debug|Win32
		{E86E719C-45D7-4CE8-9498-D8B945E46735}.Release|x64.ActiveCfg = Release|x64
		{E86E719C-45D7-4CE8-9498-D8B945E46735}.Release|x64.Build.0 = Release|x64
		{E86E719C-45D7-4CE8-9498-D8B945E46735}.Release|x86.ActiveCfg = Release|Win32
		{E86E719C-45D7-4CE8-9498-D8B945E46735}.Release|x86.Build.0 = Release|Win32
		{97714F0F-7634-468A-B2F2-EE328D13F141}.Debug|x64.ActiveCfg = Debug|x64
		{97714F0F-7634-468A-B2F2-EE328D13F141}.Debug|x64.Build.0 = Debug|x64
		{97714F0F-7634-468A-B2F2-EE328D13F141}.Debug|x64.Deploy.0 = Debug|x64
		{97714F0F-7634-468A-B2F2-EE328D13F141}.Debug|x86.ActiveCfg = Debug|x86
		{97714F0F-7634-468A-B2F2-EE328D13F141}.Debug|x86.Build.0 = Debug|x86
		{97714F0F-7634-468A-B2F2-EE328D13F141}.Debug|x86.Deploy.0 = Debug|x86
		{97714F0F-7634-468A-B2F2-EE328D13F141}.Release|x64.ActiveCfg = Release|x64
		{97714F0F-7634-468A-B2F2-EE328D13F141}.Release|x64.Build.0 = Release|x64
		{97714F0F-7634-468A-B2F2-EE328D13F141}.Release|x64.Deploy.0 = Release|x64
		{97714F0F-7634-468A-B2F2-EE328D13F141}.Release|x86.ActiveCfg = Release|x86
		{97714F0F-7634-468A-B2F2-EE328D13F141}.Release|x86.Build.0 = Release|x86
		{97714F0F-7634-468A-B2F2-EE328D13F141}.Release|x86.Deploy.0 = Release|x86
	EndGlobalSection
	GlobalSection(SolutionProperties) = preSolution
		HideSolutionNode = FALSE
	EndGlobalSection
	GlobalSection(ExtensibilityGlobals) = postSolution
		SolutionGuid = {C5955565-03A2-498E-8AB9-41FA9435D32E}
	EndGlobalSection
EndGlobal
